
Microsoft Visual Studio Solution File, Format Version 12.00
# Visual Studio Version 16
VisualStudioVersion = 16.0.31605.320
MinimumVisualStudioVersion = 10.0.40219.1
Project("{FAE04EC0-301F-11D3-BF4B-00C04F79EFBC}") = "Benchmarks", "Benchmarks\Benchmarks.csproj", "{37CFD0FE-422C-475F-899F-7DFAEB67000D}"
EndProject
Global
	GlobalSection(SolutionConfigurationPlatforms) = preSolution
		Debug|Any CPU = Debug|Any CPU
		Release|Any CPU = Release|Any CPU
	EndGlobalSection
	GlobalSection(ProjectConfigurationPlatforms) = postSolution
		{37CFD0FE-422C-475F-899F-7DFAEB67000D}.Debug|Any CPU.ActiveCfg = Debug|Any CPU
		{37CFD0FE-422C-475F-899F-7DFAEB67000D}.Debug|Any CPU.Build.0 = Debug|Any CPU
		{37CFD0FE-422C-475F-899F-7DFAEB67000D}.Release|Any CPU.ActiveCfg = Release|Any CPU
		{37CFD0FE-422C-475F-899F-7DFAEB67000D}.Release|Any CPU.Build.0 = Release|Any CPU
	EndGlobalSection
	GlobalSection(SolutionProperties) = preSolution
		HideSolutionNode = FALSE
	EndGlobalSection
	GlobalSection(ExtensibilityGlobals) = postSolution
		SolutionGuid = {2686F33C-1398-45FA-9BE1-0775DAAEC1CF}
	EndGlobalSection
EndGlobal
