
Microsoft Visual Studio Solution File, Format Version 12.00
# Visual Studio 15
VisualStudioVersion = 15.0.28307.1831
MinimumVisualStudioVersion = 10.0.40219.1
Project("{FAE04EC0-301F-11D3-BF4B-00C04F79EFBC}") = "SqlFront", "SqlFront.csproj", "{8E8DE586-581D-4740-967D-E45FB7160745}"
EndProject
Global
	GlobalSection(SolutionConfigurationPlatforms) = preSolution
		Debug|Any CPU = Debug|Any CPU
		Release|Any CPU = Release|Any CPU
	EndGlobalSection
	GlobalSection(ProjectConfigurationPlatforms) = postSolution
		{8E8DE586-581D-4740-967D-E45FB7160745}.Debug|Any CPU.ActiveCfg = Debug|Any CPU
		{8E8DE586-581D-4740-967D-E45FB7160745}.Debug|Any CPU.Build.0 = Debug|Any CPU
		{8E8DE586-581D-4740-967D-E45FB7160745}.Release|Any CPU.ActiveCfg = Release|Any CPU
		{8E8DE586-581D-4740-967D-E45FB7160745}.Release|Any CPU.Build.0 = Release|Any CPU
	EndGlobalSection
	GlobalSection(SolutionProperties) = preSolution
		HideSolutionNode = FALSE
	EndGlobalSection
	GlobalSection(ExtensibilityGlobals) = postSolution
		SolutionGuid = {DC0DF202-8170-472B-A2EA-D0EA1EE5E6B4}
	EndGlobalSection
EndGlobal
